
Microsoft Visual Studio Solution File, Format Version 12.00
# Visual Studio Version 17
VisualStudioVersion = 17.1.32421.90
MinimumVisualStudioVersion = 10.0.40219.1
Project("{FAE04EC0-301F-11D3-BF4B-00C04F79EFBC}") = "Task2", "Task2\Task2.csproj", "{9E2249E8-E5A7-4F5E-BC93-67271129CA49}"
EndProject
Global
	GlobalSection(SolutionConfigurationPlatforms) = preSolution
		Debug|Any CPU = Debug|Any CPU
		Release|Any CPU = Release|Any CPU
	EndGlobalSection
	GlobalSection(ProjectConfigurationPlatforms) = postSolution
		{9E2249E8-E5A7-4F5E-BC93-67271129CA49}.Debug|Any CPU.ActiveCfg = Debug|Any CPU
		{9E2249E8-E5A7-4F5E-BC93-67271129CA49}.Debug|Any CPU.Build.0 = Debug|Any CPU
		{9E2249E8-E5A7-4F5E-BC93-67271129CA49}.Release|Any CPU.ActiveCfg = Release|Any CPU
		{9E2249E8-E5A7-4F5E-BC93-67271129CA49}.Release|Any CPU.Build.0 = Release|Any CPU
	EndGlobalSection
	GlobalSection(SolutionProperties) = preSolution
		HideSolutionNode = FALSE
	EndGlobalSection
	GlobalSection(ExtensibilityGlobals) = postSolution
		SolutionGuid = {F4A20563-442E-468C-94A6-AF0AFBF98FCC}
	EndGlobalSection
EndGlobal
